<?xml version="1.0" encoding="utf-8"?>
<Project ToolsVersion="4.0" xmlns="http://schemas.microsoft.com/developer/msbuild/2003">
  <ItemGroup>
    <Filter Include="Source Files">
      <UniqueIdentifier>{4FC737F1-C7A5-4376-A066-2A32D752A2FF}</UniqueIdentifier>
      <Extensions>cpp;c;cc;cxx;c++;cppm;ixx;def;odl;idl;hpj;bat;asm;asmx</Extensions>
    </Filter>
    <Filter Include="Header Files">
      <UniqueIdentifier>{93995380-89BD-4b04-88EB-625FBE52EBFB}</UniqueIdentifier>
      <Extensions>h;hh;hpp;hxx;h++;hm;inl;inc;ipp;xsd</Extensions>
    </Filter>
    <Filter Include="Resource Files">
      <UniqueIdentifier>{67DA6AB6-F800-4c08-8B7A-83BB121AAD01}</UniqueIdentifier>
      <Extensions>rc;ico;cur;bmp;dlg;rc2;rct;bin;rgs;gif;jpg;jpeg;jpe;resx;tiff;tif;png;wav;mfcribbon-ms</Extensions>
    </Filter>
    <Filter Include="IOT-ASS">
      <UniqueIdentifier>{5ebeb23c-40b6-46e0-a9c3-27cba97d7ba3}</UniqueIdentifier>
    </Filter>
    <Filter Include="IOT-Prac">
      <UniqueIdentifier>{5b5e15b2-6013-4e08-a909-a8966835fdaf}</UniqueIdentifier>
    </Filter>
  </ItemGroup>
  <ItemGroup>
    <ClCompile Include="ass-5.cpp">
      <Filter>IOT-ASS</Filter>
    </ClCompile>
    <ClCompile Include="ass-6.cpp">
      <Filter>IOT-ASS</Filter>
    </ClCompile>
    <ClCompile Include="ass-7.cpp">
      <Filter>IOT-ASS</Filter>
    </ClCompile>
    <ClCompile Include="ass-8.cpp">
      <Filter>IOT-ASS</Filter>
    </ClCompile>
    <ClCompile Include="ass-9.cpp">
      <Filter>IOT-ASS</Filter>
    </ClCompile>
    <ClCompile Include="ass-10.cpp">
      <Filter>IOT-ASS</Filter>
    </ClCompile>
    <ClCompile Include="ass-11.cpp">
      <Filter>IOT-ASS</Filter>
    </ClCompile>
    <ClCompile Include="ass-12.cpp">
      <Filter>IOT-ASS</Filter>
    </ClCompile>
    <ClCompile Include="ass-13.cpp">
      <Filter>IOT-ASS</Filter>
    </ClCompile>
    <ClCompile Include="ass-14.cpp">
      <Filter>IOT-ASS</Filter>
    </ClCompile>
    <ClCompile Include="parc-5.cpp">
      <Filter>IOT-Prac</Filter>
    </ClCompile>
    <ClCompile Include="prac-6.cpp">
      <Filter>IOT-Prac</Filter>
    </ClCompile>
  </ItemGroup>
</Project>