
Microsoft Visual Studio Solution File, Format Version 12.00
# Visual Studio Version 17
VisualStudioVersion = 17.7.34003.232
MinimumVisualStudioVersion = 10.0.40219.1
Project("{8BC9CEB8-8B4A-11D0-8D11-00A0C91BC942}") = "Project1", "Project1\Project1.vcxproj", "{B6DD8479-5C40-4178-B5A1-BE37B6DE36A8}"
EndProject
Global
	GlobalSection(SolutionConfigurationPlatforms) = preSolution
		Debug|x64 = Debug|x64
		Debug|x86 = Debug|x86
		Release|x64 = Release|x64
		Release|x86 = Release|x86
	EndGlobalSection
	GlobalSection(ProjectConfigurationPlatforms) = postSolution
		{B6DD8479-5C40-4178-B5A1-BE37B6DE36A8}.Debug|x64.ActiveCfg = Debug|x64
		{B6DD8479-5C40-4178-B5A1-BE37B6DE36A8}.Debug|x64.Build.0 = Debug|x64
		{B6DD8479-5C40-4178-B5A1-BE37B6DE36A8}.Debug|x86.ActiveCfg = Debug|Win32
		{B6DD8479-5C40-4178-B5A1-BE37B6DE36A8}.Debug|x86.Build.0 = Debug|Win32
		{B6DD8479-5C40-4178-B5A1-BE37B6DE36A8}.Release|x64.ActiveCfg = Release|x64
		{B6DD8479-5C40-4178-B5A1-BE37B6DE36A8}.Release|x64.Build.0 = Release|x64
		{B6DD8479-5C40-4178-B5A1-BE37B6DE36A8}.Release|x86.ActiveCfg = Release|Win32
		{B6DD8479-5C40-4178-B5A1-BE37B6DE36A8}.Release|x86.Build.0 = Release|Win32
	EndGlobalSection
	GlobalSection(SolutionProperties) = preSolution
		HideSolutionNode = FALSE
	EndGlobalSection
	GlobalSection(ExtensibilityGlobals) = postSolution
		SolutionGuid = {F940C830-A617-4E9E-8014-8BF6DE13F51F}
	EndGlobalSection
EndGlobal
